
Microsoft Visual Studio Solution File, Format Version 12.00
# Visual Studio 15
Project("{FAE04EC0-301F-11D3-BF4B-00C04F79EFBC}") = "UnityEngine.TestRunner", "UnityEngine.TestRunner.csproj", "{ADCE9801-CE06-3203-9A99-116B2702BA58}"
EndProject
Project("{FAE04EC0-301F-11D3-BF4B-00C04F79EFBC}") = "Unity.Mathematics", "Unity.Mathematics.csproj", "{5D111B9D-31F9-033D-E559-A50150581FC6}"
EndProject
Project("{FAE04EC0-301F-11D3-BF4B-00C04F79EFBC}") = "Unity.2D.Animation.Triangle.Runtime", "Unity.2D.Animation.Triangle.Runtime.csproj", "{F018844F-470B-7A82-3CDB-12371FD88625}"
EndProject
Project("{FAE04EC0-301F-11D3-BF4B-00C04F79EFBC}") = "Unity.Timeline", "Unity.Timeline.csproj", "{4EE57E6E-45E2-9FE2-F2EB-5C75B56FF0A3}"
EndProject
Project("{FAE04EC0-301F-11D3-BF4B-00C04F79EFBC}") = "UnityEngine.UI", "UnityEngine.UI.csproj", "{265880EC-260D-024B-BF19-BFD5DCA49EED}"
EndProject
Project("{FAE04EC0-301F-11D3-BF4B-00C04F79EFBC}") = "Unity.TextMeshPro", "Unity.TextMeshPro.csproj", "{297A53C7-89F9-41CE-95B1-B3DCD48C38B7}"
EndProject
Project("{FAE04EC0-301F-11D3-BF4B-00C04F79EFBC}") = "Unity.2D.Animation.Runtime", "Unity.2D.Animation.Runtime.csproj", "{7E71A6E4-3AA1-5FFC-B86E-DB25139DCC69}"
EndProject
Project("{FAE04EC0-301F-11D3-BF4B-00C04F79EFBC}") = "Unity.2D.IK.Runtime", "Unity.2D.IK.Runtime.csproj", "{48ED89E5-81E8-80C0-23C3-3E15CA38072D}"
EndProject
Project("{FAE04EC0-301F-11D3-BF4B-00C04F79EFBC}") = "Unity.2D.SpriteShape.Runtime", "Unity.2D.SpriteShape.Runtime.csproj", "{CA0FBB63-B761-7C19-2A2D-F6FCD6870134}"
EndProject
Project("{FAE04EC0-301F-11D3-BF4B-00C04F79EFBC}") = "Unity.2D.PixelPerfect", "Unity.2D.PixelPerfect.csproj", "{17E29396-9CC5-139F-1D8B-A305DED8023A}"
EndProject
Project("{FAE04EC0-301F-11D3-BF4B-00C04F79EFBC}") = "Unity.2D.Common.Runtime", "Unity.2D.Common.Runtime.csproj", "{ED63B845-3871-0116-7E6A-273CAA34D59E}"
EndProject
Project("{FAE04EC0-301F-11D3-BF4B-00C04F79EFBC}") = "Unity.InternalAPIEngineBridge.001", "Unity.InternalAPIEngineBridge.001.csproj", "{F686B761-1D7B-14F7-EB16-71D9F8FA1953}"
EndProject
Project("{FAE04EC0-301F-11D3-BF4B-00C04F79EFBC}") = "Assembly-CSharp", "Assembly-CSharp.csproj", "{A3C1952A-AB81-69CF-4B5B-EDA19410A6A3}"
EndProject
Project("{FAE04EC0-301F-11D3-BF4B-00C04F79EFBC}") = "UnityEditor.TestRunner", "UnityEditor.TestRunner.csproj", "{1E8FF2E0-2707-0F9B-E499-B96C94C1EC14}"
EndProject
Project("{FAE04EC0-301F-11D3-BF4B-00C04F79EFBC}") = "Unity.PlasticSCM.Editor", "Unity.PlasticSCM.Editor.csproj", "{DAD67C1C-3AE4-5698-9DF7-AFFC167DB1F9}"
EndProject
Project("{FAE04EC0-301F-11D3-BF4B-00C04F79EFBC}") = "UnityEditor.UI", "UnityEditor.UI.csproj", "{377B9C46-A73D-4841-22CE-3E379E160E17}"
EndProject
Project("{FAE04EC0-301F-11D3-BF4B-00C04F79EFBC}") = "Unity.Services.Core.Editor", "Unity.Services.Core.Editor.csproj", "{643F5D78-6413-4F96-06D4-721CE0C4F6EA}"
EndProject
Project("{FAE04EC0-301F-11D3-BF4B-00C04F79EFBC}") = "Unity.Timeline.Editor", "Unity.Timeline.Editor.csproj", "{96677FAB-7680-A92E-DF35-6EB65CEE8FB2}"
EndProject
Project("{FAE04EC0-301F-11D3-BF4B-00C04F79EFBC}") = "Unity.VisualStudio.Editor", "Unity.VisualStudio.Editor.csproj", "{932355BE-4A55-855D-C7B9-C05CA64CA0FA}"
EndProject
Project("{FAE04EC0-301F-11D3-BF4B-00C04F79EFBC}") = "Unity.2D.Psdimporter.Editor", "Unity.2D.Psdimporter.Editor.csproj", "{6C9C1DC8-7F33-F55C-1915-2ECF19FABA31}"
EndProject
Project("{FAE04EC0-301F-11D3-BF4B-00C04F79EFBC}") = "Unity.2D.Animation.Editor", "Unity.2D.Animation.Editor.csproj", "{690EA8F0-5561-D9F3-54ED-1EB601DACA22}"
EndProject
Project("{FAE04EC0-301F-11D3-BF4B-00C04F79EFBC}") = "Unity.TextMeshPro.Editor", "Unity.TextMeshPro.Editor.csproj", "{62CA4029-4FFA-EB84-B2A3-70BCDC59D757}"
EndProject
Project("{FAE04EC0-301F-11D3-BF4B-00C04F79EFBC}") = "Unity.2D.SpriteShape.Editor", "Unity.2D.SpriteShape.Editor.csproj", "{EC4F11F3-BBEA-4F84-14D5-510E281DA42C}"
EndProject
Project("{FAE04EC0-301F-11D3-BF4B-00C04F79EFBC}") = "Unity.CollabProxy.Editor", "Unity.CollabProxy.Editor.csproj", "{D8F313E9-B9C0-0B41-ACE8-CE6F57F20AC1}"
EndProject
Project("{FAE04EC0-301F-11D3-BF4B-00C04F79EFBC}") = "PsdPlugin", "PsdPlugin.csproj", "{CA24F2B4-FD9B-4C43-0AC8-B8FCC4B1BEFC}"
EndProject
Project("{FAE04EC0-301F-11D3-BF4B-00C04F79EFBC}") = "Unity.2D.Path.Editor", "Unity.2D.Path.Editor.csproj", "{C0C4DD6F-F036-EB63-0695-72DCBC3CFBA4}"
EndProject
Project("{FAE04EC0-301F-11D3-BF4B-00C04F79EFBC}") = "Unity.Rider.Editor", "Unity.Rider.Editor.csproj", "{6CC3705C-E104-F105-AD98-2BA637CE80CD}"
EndProject
Project("{FAE04EC0-301F-11D3-BF4B-00C04F79EFBC}") = "Unity.2D.IK.Editor", "Unity.2D.IK.Editor.csproj", "{AB73EE7A-AF58-9267-571A-EAB4355D26F5}"
EndProject
Project("{FAE04EC0-301F-11D3-BF4B-00C04F79EFBC}") = "Unity.2D.Sprite.Editor", "Unity.2D.Sprite.Editor.csproj", "{AB92E5E7-A06E-7CC8-683F-106B1170746C}"
EndProject
Project("{FAE04EC0-301F-11D3-BF4B-00C04F79EFBC}") = "Unity.2D.Tilemap.Editor", "Unity.2D.Tilemap.Editor.csproj", "{48E05131-3695-7B92-7F25-6D5F166B67BB}"
EndProject
Project("{FAE04EC0-301F-11D3-BF4B-00C04F79EFBC}") = "Unity.2D.PixelPerfect.Editor", "Unity.2D.PixelPerfect.Editor.csproj", "{0F07D099-635B-7E8B-52C1-41828742EBE3}"
EndProject
Project("{FAE04EC0-301F-11D3-BF4B-00C04F79EFBC}") = "Unity.VSCode.Editor", "Unity.VSCode.Editor.csproj", "{2800E66A-BDC5-B741-F22B-13846334BE2B}"
EndProject
Project("{FAE04EC0-301F-11D3-BF4B-00C04F79EFBC}") = "Unity.2D.Common.Editor", "Unity.2D.Common.Editor.csproj", "{265EC1B6-22D1-F38F-3C1E-EC8013428A12}"
EndProject
Project("{FAE04EC0-301F-11D3-BF4B-00C04F79EFBC}") = "Unity.Mathematics.Editor", "Unity.Mathematics.Editor.csproj", "{842E94E8-D666-2D4F-4DF3-E3BFF4BCCBA9}"
EndProject
Project("{FAE04EC0-301F-11D3-BF4B-00C04F79EFBC}") = "Unity.InternalAPIEditorBridge.001", "Unity.InternalAPIEditorBridge.001.csproj", "{BA541A57-0EEF-FFC8-53D6-5ED05CB75A8C}"
EndProject
Project("{FAE04EC0-301F-11D3-BF4B-00C04F79EFBC}") = "UnityEngine.TestRunner", "UnityEngine.TestRunner.Player.csproj", "{6DC56CF8-0641-A59E-CD8A-EC44A7D600BA}"
EndProject
Project("{FAE04EC0-301F-11D3-BF4B-00C04F79EFBC}") = "Unity.Mathematics", "Unity.Mathematics.Player.csproj", "{A68FA268-89CA-FFA5-CE12-DF8B54B6B998}"
EndProject
Project("{FAE04EC0-301F-11D3-BF4B-00C04F79EFBC}") = "Unity.2D.Animation.Triangle.Runtime", "Unity.2D.Animation.Triangle.Runtime.Player.csproj", "{4782FF98-5EFD-4999-6781-B433372A7D86}"
EndProject
Project("{FAE04EC0-301F-11D3-BF4B-00C04F79EFBC}") = "Unity.Timeline", "Unity.Timeline.Player.csproj", "{312A595A-E1A7-1442-8749-14C5CBF861A5}"
EndProject
Project("{FAE04EC0-301F-11D3-BF4B-00C04F79EFBC}") = "UnityEngine.UI", "UnityEngine.UI.Player.csproj", "{F3DB8BEA-B17D-38BD-A20D-C7F93F5CDF41}"
EndProject
Project("{FAE04EC0-301F-11D3-BF4B-00C04F79EFBC}") = "Unity.TextMeshPro", "Unity.TextMeshPro.Player.csproj", "{F0DD6137-4BD1-CEDE-155A-BFA31E7C588B}"
EndProject
Project("{FAE04EC0-301F-11D3-BF4B-00C04F79EFBC}") = "Unity.2D.Animation.Runtime", "Unity.2D.Animation.Runtime.Player.csproj", "{9FCF0037-0F11-C7F8-6CD4-CDE6FC185528}"
EndProject
Project("{FAE04EC0-301F-11D3-BF4B-00C04F79EFBC}") = "Unity.2D.IK.Runtime", "Unity.2D.IK.Runtime.Player.csproj", "{E8C77AE0-0C42-6985-E02F-C8AC97F799E5}"
EndProject
Project("{FAE04EC0-301F-11D3-BF4B-00C04F79EFBC}") = "Unity.2D.SpriteShape.Runtime", "Unity.2D.SpriteShape.Runtime.Player.csproj", "{55F027EC-A3F3-5386-6078-BEB1B06E9A42}"
EndProject
Project("{FAE04EC0-301F-11D3-BF4B-00C04F79EFBC}") = "Unity.2D.PixelPerfect", "Unity.2D.PixelPerfect.Player.csproj", "{89467445-BBC7-7792-3BB8-2DFEECD50F11}"
EndProject
Project("{FAE04EC0-301F-11D3-BF4B-00C04F79EFBC}") = "Unity.2D.Common.Runtime", "Unity.2D.Common.Runtime.Player.csproj", "{E670F66E-AEB2-C201-0716-2A8E29FC9BFC}"
EndProject
Project("{FAE04EC0-301F-11D3-BF4B-00C04F79EFBC}") = "Unity.InternalAPIEngineBridge.001", "Unity.InternalAPIEngineBridge.001.Player.csproj", "{9010480C-332B-AAB4-4ACA-E412AF4CC1D9}"
EndProject
Project("{FAE04EC0-301F-11D3-BF4B-00C04F79EFBC}") = "Assembly-CSharp", "Assembly-CSharp.Player.csproj", "{22B16783-8040-EEC5-91EF-4076DFF2CB96}"
EndProject
Global
	GlobalSection(SolutionConfigurationPlatforms) = preSolution
		Debug|Any CPU = Debug|Any CPU
		Release|Any CPU = Release|Any CPU
	EndGlobalSection
	GlobalSection(ProjectConfigurationPlatforms) = postSolution
		{ADCE9801-CE06-3203-9A99-116B2702BA58}.Debug|Any CPU.ActiveCfg = Debug|Any CPU
		{ADCE9801-CE06-3203-9A99-116B2702BA58}.Debug|Any CPU.Build.0 = Debug|Any CPU
		{ADCE9801-CE06-3203-9A99-116B2702BA58}.Release|Any CPU.ActiveCfg = Release|Any CPU
		{ADCE9801-CE06-3203-9A99-116B2702BA58}.Release|Any CPU.Build.0 = Release|Any CPU
		{5D111B9D-31F9-033D-E559-A50150581FC6}.Debug|Any CPU.ActiveCfg = Debug|Any CPU
		{5D111B9D-31F9-033D-E559-A50150581FC6}.Debug|Any CPU.Build.0 = Debug|Any CPU
		{5D111B9D-31F9-033D-E559-A50150581FC6}.Release|Any CPU.ActiveCfg = Release|Any CPU
		{5D111B9D-31F9-033D-E559-A50150581FC6}.Release|Any CPU.Build.0 = Release|Any CPU
		{F018844F-470B-7A82-3CDB-12371FD88625}.Debug|Any CPU.ActiveCfg = Debug|Any CPU
		{F018844F-470B-7A82-3CDB-12371FD88625}.Debug|Any CPU.Build.0 = Debug|Any CPU
		{F018844F-470B-7A82-3CDB-12371FD88625}.Release|Any CPU.ActiveCfg = Release|Any CPU
		{F018844F-470B-7A82-3CDB-12371FD88625}.Release|Any CPU.Build.0 = Release|Any CPU
		{4EE57E6E-45E2-9FE2-F2EB-5C75B56FF0A3}.Debug|Any CPU.ActiveCfg = Debug|Any CPU
		{4EE57E6E-45E2-9FE2-F2EB-5C75B56FF0A3}.Debug|Any CPU.Build.0 = Debug|Any CPU
		{4EE57E6E-45E2-9FE2-F2EB-5C75B56FF0A3}.Release|Any CPU.ActiveCfg = Release|Any CPU
		{4EE57E6E-45E2-9FE2-F2EB-5C75B56FF0A3}.Release|Any CPU.Build.0 = Release|Any CPU
		{265880EC-260D-024B-BF19-BFD5DCA49EED}.Debug|Any CPU.ActiveCfg = Debug|Any CPU
		{265880EC-260D-024B-BF19-BFD5DCA49EED}.Debug|Any CPU.Build.0 = Debug|Any CPU
		{265880EC-260D-024B-BF19-BFD5DCA49EED}.Release|Any CPU.ActiveCfg = Release|Any CPU
		{265880EC-260D-024B-BF19-BFD5DCA49EED}.Release|Any CPU.Build.0 = Release|Any CPU
		{297A53C7-89F9-41CE-95B1-B3DCD48C38B7}.Debug|Any CPU.ActiveCfg = Debug|Any CPU
		{297A53C7-89F9-41CE-95B1-B3DCD48C38B7}.Debug|Any CPU.Build.0 = Debug|Any CPU
		{297A53C7-89F9-41CE-95B1-B3DCD48C38B7}.Release|Any CPU.ActiveCfg = Release|Any CPU
		{297A53C7-89F9-41CE-95B1-B3DCD48C38B7}.Release|Any CPU.Build.0 = Release|Any CPU
		{7E71A6E4-3AA1-5FFC-B86E-DB25139DCC69}.Debug|Any CPU.ActiveCfg = Debug|Any CPU
		{7E71A6E4-3AA1-5FFC-B86E-DB25139DCC69}.Debug|Any CPU.Build.0 = Debug|Any CPU
		{7E71A6E4-3AA1-5FFC-B86E-DB25139DCC69}.Release|Any CPU.ActiveCfg = Release|Any CPU
		{7E71A6E4-3AA1-5FFC-B86E-DB25139DCC69}.Release|Any CPU.Build.0 = Release|Any CPU
		{48ED89E5-81E8-80C0-23C3-3E15CA38072D}.Debug|Any CPU.ActiveCfg = Debug|Any CPU
		{48ED89E5-81E8-80C0-23C3-3E15CA38072D}.Debug|Any CPU.Build.0 = Debug|Any CPU
		{48ED89E5-81E8-80C0-23C3-3E15CA38072D}.Release|Any CPU.ActiveCfg = Release|Any CPU
		{48ED89E5-81E8-80C0-23C3-3E15CA38072D}.Release|Any CPU.Build.0 = Release|Any CPU
		{CA0FBB63-B761-7C19-2A2D-F6FCD6870134}.Debug|Any CPU.ActiveCfg = Debug|Any CPU
		{CA0FBB63-B761-7C19-2A2D-F6FCD6870134}.Debug|Any CPU.Build.0 = Debug|Any CPU
		{CA0FBB63-B761-7C19-2A2D-F6FCD6870134}.Release|Any CPU.ActiveCfg = Release|Any CPU
		{CA0FBB63-B761-7C19-2A2D-F6FCD6870134}.Release|Any CPU.Build.0 = Release|Any CPU
		{17E29396-9CC5-139F-1D8B-A305DED8023A}.Debug|Any CPU.ActiveCfg = Debug|Any CPU
		{17E29396-9CC5-139F-1D8B-A305DED8023A}.Debug|Any CPU.Build.0 = Debug|Any CPU
		{17E29396-9CC5-139F-1D8B-A305DED8023A}.Release|Any CPU.ActiveCfg = Release|Any CPU
		{17E29396-9CC5-139F-1D8B-A305DED8023A}.Release|Any CPU.Build.0 = Release|Any CPU
		{ED63B845-3871-0116-7E6A-273CAA34D59E}.Debug|Any CPU.ActiveCfg = Debug|Any CPU
		{ED63B845-3871-0116-7E6A-273CAA34D59E}.Debug|Any CPU.Build.0 = Debug|Any CPU
		{ED63B845-3871-0116-7E6A-273CAA34D59E}.Release|Any CPU.ActiveCfg = Release|Any CPU
		{ED63B845-3871-0116-7E6A-273CAA34D59E}.Release|Any CPU.Build.0 = Release|Any CPU
		{F686B761-1D7B-14F7-EB16-71D9F8FA1953}.Debug|Any CPU.ActiveCfg = Debug|Any CPU
		{F686B761-1D7B-14F7-EB16-71D9F8FA1953}.Debug|Any CPU.Build.0 = Debug|Any CPU
		{F686B761-1D7B-14F7-EB16-71D9F8FA1953}.Release|Any CPU.ActiveCfg = Release|Any CPU
		{F686B761-1D7B-14F7-EB16-71D9F8FA1953}.Release|Any CPU.Build.0 = Release|Any CPU
		{A3C1952A-AB81-69CF-4B5B-EDA19410A6A3}.Debug|Any CPU.ActiveCfg = Debug|Any CPU
		{A3C1952A-AB81-69CF-4B5B-EDA19410A6A3}.Debug|Any CPU.Build.0 = Debug|Any CPU
		{A3C1952A-AB81-69CF-4B5B-EDA19410A6A3}.Release|Any CPU.ActiveCfg = Release|Any CPU
		{A3C1952A-AB81-69CF-4B5B-EDA19410A6A3}.Release|Any CPU.Build.0 = Release|Any CPU
		{1E8FF2E0-2707-0F9B-E499-B96C94C1EC14}.Debug|Any CPU.ActiveCfg = Debug|Any CPU
		{1E8FF2E0-2707-0F9B-E499-B96C94C1EC14}.Debug|Any CPU.Build.0 = Debug|Any CPU
		{1E8FF2E0-2707-0F9B-E499-B96C94C1EC14}.Release|Any CPU.ActiveCfg = Release|Any CPU
		{1E8FF2E0-2707-0F9B-E499-B96C94C1EC14}.Release|Any CPU.Build.0 = Release|Any CPU
		{DAD67C1C-3AE4-5698-9DF7-AFFC167DB1F9}.Debug|Any CPU.ActiveCfg = Debug|Any CPU
		{DAD67C1C-3AE4-5698-9DF7-AFFC167DB1F9}.Debug|Any CPU.Build.0 = Debug|Any CPU
		{DAD67C1C-3AE4-5698-9DF7-AFFC167DB1F9}.Release|Any CPU.ActiveCfg = Release|Any CPU
		{DAD67C1C-3AE4-5698-9DF7-AFFC167DB1F9}.Release|Any CPU.Build.0 = Release|Any CPU
		{377B9C46-A73D-4841-22CE-3E379E160E17}.Debug|Any CPU.ActiveCfg = Debug|Any CPU
		{377B9C46-A73D-4841-22CE-3E379E160E17}.Debug|Any CPU.Build.0 = Debug|Any CPU
		{377B9C46-A73D-4841-22CE-3E379E160E17}.Release|Any CPU.ActiveCfg = Release|Any CPU
		{377B9C46-A73D-4841-22CE-3E379E160E17}.Release|Any CPU.Build.0 = Release|Any CPU
		{643F5D78-6413-4F96-06D4-721CE0C4F6EA}.Debug|Any CPU.ActiveCfg = Debug|Any CPU
		{643F5D78-6413-4F96-06D4-721CE0C4F6EA}.Debug|Any CPU.Build.0 = Debug|Any CPU
		{643F5D78-6413-4F96-06D4-721CE0C4F6EA}.Release|Any CPU.ActiveCfg = Release|Any CPU
		{643F5D78-6413-4F96-06D4-721CE0C4F6EA}.Release|Any CPU.Build.0 = Release|Any CPU
		{96677FAB-7680-A92E-DF35-6EB65CEE8FB2}.Debug|Any CPU.ActiveCfg = Debug|Any CPU
		{96677FAB-7680-A92E-DF35-6EB65CEE8FB2}.Debug|Any CPU.Build.0 = Debug|Any CPU
		{96677FAB-7680-A92E-DF35-6EB65CEE8FB2}.Release|Any CPU.ActiveCfg = Release|Any CPU
		{96677FAB-7680-A92E-DF35-6EB65CEE8FB2}.Release|Any CPU.Build.0 = Release|Any CPU
		{932355BE-4A55-855D-C7B9-C05CA64CA0FA}.Debug|Any CPU.ActiveCfg = Debug|Any CPU
		{932355BE-4A55-855D-C7B9-C05CA64CA0FA}.Debug|Any CPU.Build.0 = Debug|Any CPU
		{932355BE-4A55-855D-C7B9-C05CA64CA0FA}.Release|Any CPU.ActiveCfg = Release|Any CPU
		{932355BE-4A55-855D-C7B9-C05CA64CA0FA}.Release|Any CPU.Build.0 = Release|Any CPU
		{6C9C1DC8-7F33-F55C-1915-2ECF19FABA31}.Debug|Any CPU.ActiveCfg = Debug|Any CPU
		{6C9C1DC8-7F33-F55C-1915-2ECF19FABA31}.Debug|Any CPU.Build.0 = Debug|Any CPU
		{6C9C1DC8-7F33-F55C-1915-2ECF19FABA31}.Release|Any CPU.ActiveCfg = Release|Any CPU
		{6C9C1DC8-7F33-F55C-1915-2ECF19FABA31}.Release|Any CPU.Build.0 = Release|Any CPU
		{690EA8F0-5561-D9F3-54ED-1EB601DACA22}.Debug|Any CPU.ActiveCfg = Debug|Any CPU
		{690EA8F0-5561-D9F3-54ED-1EB601DACA22}.Debug|Any CPU.Build.0 = Debug|Any CPU
		{690EA8F0-5561-D9F3-54ED-1EB601DACA22}.Release|Any CPU.ActiveCfg = Release|Any CPU
		{690EA8F0-5561-D9F3-54ED-1EB601DACA22}.Release|Any CPU.Build.0 = Release|Any CPU
		{62CA4029-4FFA-EB84-B2A3-70BCDC59D757}.Debug|Any CPU.ActiveCfg = Debug|Any CPU
		{62CA4029-4FFA-EB84-B2A3-70BCDC59D757}.Debug|Any CPU.Build.0 = Debug|Any CPU
		{62CA4029-4FFA-EB84-B2A3-70BCDC59D757}.Release|Any CPU.ActiveCfg = Release|Any CPU
		{62CA4029-4FFA-EB84-B2A3-70BCDC59D757}.Release|Any CPU.Build.0 = Release|Any CPU
		{EC4F11F3-BBEA-4F84-14D5-510E281DA42C}.Debug|Any CPU.ActiveCfg = Debug|Any CPU
		{EC4F11F3-BBEA-4F84-14D5-510E281DA42C}.Debug|Any CPU.Build.0 = Debug|Any CPU
		{EC4F11F3-BBEA-4F84-14D5-510E281DA42C}.Release|Any CPU.ActiveCfg = Release|Any CPU
		{EC4F11F3-BBEA-4F84-14D5-510E281DA42C}.Release|Any CPU.Build.0 = Release|Any CPU
		{D8F313E9-B9C0-0B41-ACE8-CE6F57F20AC1}.Debug|Any CPU.ActiveCfg = Debug|Any CPU
		{D8F313E9-B9C0-0B41-ACE8-CE6F57F20AC1}.Debug|Any CPU.Build.0 = Debug|Any CPU
		{D8F313E9-B9C0-0B41-ACE8-CE6F57F20AC1}.Release|Any CPU.ActiveCfg = Release|Any CPU
		{D8F313E9-B9C0-0B41-ACE8-CE6F57F20AC1}.Release|Any CPU.Build.0 = Release|Any CPU
		{CA24F2B4-FD9B-4C43-0AC8-B8FCC4B1BEFC}.Debug|Any CPU.ActiveCfg = Debug|Any CPU
		{CA24F2B4-FD9B-4C43-0AC8-B8FCC4B1BEFC}.Debug|Any CPU.Build.0 = Debug|Any CPU
		{CA24F2B4-FD9B-4C43-0AC8-B8FCC4B1BEFC}.Release|Any CPU.ActiveCfg = Release|Any CPU
		{CA24F2B4-FD9B-4C43-0AC8-B8FCC4B1BEFC}.Release|Any CPU.Build.0 = Release|Any CPU
		{C0C4DD6F-F036-EB63-0695-72DCBC3CFBA4}.Debug|Any CPU.ActiveCfg = Debug|Any CPU
		{C0C4DD6F-F036-EB63-0695-72DCBC3CFBA4}.Debug|Any CPU.Build.0 = Debug|Any CPU
		{C0C4DD6F-F036-EB63-0695-72DCBC3CFBA4}.Release|Any CPU.ActiveCfg = Release|Any CPU
		{C0C4DD6F-F036-EB63-0695-72DCBC3CFBA4}.Release|Any CPU.Build.0 = Release|Any CPU
		{6CC3705C-E104-F105-AD98-2BA637CE80CD}.Debug|Any CPU.ActiveCfg = Debug|Any CPU
		{6CC3705C-E104-F105-AD98-2BA637CE80CD}.Debug|Any CPU.Build.0 = Debug|Any CPU
		{6CC3705C-E104-F105-AD98-2BA637CE80CD}.Release|Any CPU.ActiveCfg = Release|Any CPU
		{6CC3705C-E104-F105-AD98-2BA637CE80CD}.Release|Any CPU.Build.0 = Release|Any CPU
		{AB73EE7A-AF58-9267-571A-EAB4355D26F5}.Debug|Any CPU.ActiveCfg = Debug|Any CPU
		{AB73EE7A-AF58-9267-571A-EAB4355D26F5}.Debug|Any CPU.Build.0 = Debug|Any CPU
		{AB73EE7A-AF58-9267-571A-EAB4355D26F5}.Release|Any CPU.ActiveCfg = Release|Any CPU
		{AB73EE7A-AF58-9267-571A-EAB4355D26F5}.Release|Any CPU.Build.0 = Release|Any CPU
		{AB92E5E7-A06E-7CC8-683F-106B1170746C}.Debug|Any CPU.ActiveCfg = Debug|Any CPU
		{AB92E5E7-A06E-7CC8-683F-106B1170746C}.Debug|Any CPU.Build.0 = Debug|Any CPU
		{AB92E5E7-A06E-7CC8-683F-106B1170746C}.Release|Any CPU.ActiveCfg = Release|Any CPU
		{AB92E5E7-A06E-7CC8-683F-106B1170746C}.Release|Any CPU.Build.0 = Release|Any CPU
		{48E05131-3695-7B92-7F25-6D5F166B67BB}.Debug|Any CPU.ActiveCfg = Debug|Any CPU
		{48E05131-3695-7B92-7F25-6D5F166B67BB}.Debug|Any CPU.Build.0 = Debug|Any CPU
		{48E05131-3695-7B92-7F25-6D5F166B67BB}.Release|Any CPU.ActiveCfg = Release|Any CPU
		{48E05131-3695-7B92-7F25-6D5F166B67BB}.Release|Any CPU.Build.0 = Release|Any CPU
		{0F07D099-635B-7E8B-52C1-41828742EBE3}.Debug|Any CPU.ActiveCfg = Debug|Any CPU
		{0F07D099-635B-7E8B-52C1-41828742EBE3}.Debug|Any CPU.Build.0 = Debug|Any CPU
		{0F07D099-635B-7E8B-52C1-41828742EBE3}.Release|Any CPU.ActiveCfg = Release|Any CPU
		{0F07D099-635B-7E8B-52C1-41828742EBE3}.Release|Any CPU.Build.0 = Release|Any CPU
		{2800E66A-BDC5-B741-F22B-13846334BE2B}.Debug|Any CPU.ActiveCfg = Debug|Any CPU
		{2800E66A-BDC5-B741-F22B-13846334BE2B}.Debug|Any CPU.Build.0 = Debug|Any CPU
		{2800E66A-BDC5-B741-F22B-13846334BE2B}.Release|Any CPU.ActiveCfg = Release|Any CPU
		{2800E66A-BDC5-B741-F22B-13846334BE2B}.Release|Any CPU.Build.0 = Release|Any CPU
		{265EC1B6-22D1-F38F-3C1E-EC8013428A12}.Debug|Any CPU.ActiveCfg = Debug|Any CPU
		{265EC1B6-22D1-F38F-3C1E-EC8013428A12}.Debug|Any CPU.Build.0 = Debug|Any CPU
		{265EC1B6-22D1-F38F-3C1E-EC8013428A12}.Release|Any CPU.ActiveCfg = Release|Any CPU
		{265EC1B6-22D1-F38F-3C1E-EC8013428A12}.Release|Any CPU.Build.0 = Release|Any CPU
		{842E94E8-D666-2D4F-4DF3-E3BFF4BCCBA9}.Debug|Any CPU.ActiveCfg = Debug|Any CPU
		{842E94E8-D666-2D4F-4DF3-E3BFF4BCCBA9}.Debug|Any CPU.Build.0 = Debug|Any CPU
		{842E94E8-D666-2D4F-4DF3-E3BFF4BCCBA9}.Release|Any CPU.ActiveCfg = Release|Any CPU
		{842E94E8-D666-2D4F-4DF3-E3BFF4BCCBA9}.Release|Any CPU.Build.0 = Release|Any CPU
		{BA541A57-0EEF-FFC8-53D6-5ED05CB75A8C}.Debug|Any CPU.ActiveCfg = Debug|Any CPU
		{BA541A57-0EEF-FFC8-53D6-5ED05CB75A8C}.Debug|Any CPU.Build.0 = Debug|Any CPU
		{BA541A57-0EEF-FFC8-53D6-5ED05CB75A8C}.Release|Any CPU.ActiveCfg = Release|Any CPU
		{BA541A57-0EEF-FFC8-53D6-5ED05CB75A8C}.Release|Any CPU.Build.0 = Release|Any CPU
		{6DC56CF8-0641-A59E-CD8A-EC44A7D600BA}.Debug|Any CPU.ActiveCfg = Debug|Any CPU
		{6DC56CF8-0641-A59E-CD8A-EC44A7D600BA}.Debug|Any CPU.Build.0 = Debug|Any CPU
		{6DC56CF8-0641-A59E-CD8A-EC44A7D600BA}.Release|Any CPU.ActiveCfg = Release|Any CPU
		{6DC56CF8-0641-A59E-CD8A-EC44A7D600BA}.Release|Any CPU.Build.0 = Release|Any CPU
		{A68FA268-89CA-FFA5-CE12-DF8B54B6B998}.Debug|Any CPU.ActiveCfg = Debug|Any CPU
		{A68FA268-89CA-FFA5-CE12-DF8B54B6B998}.Debug|Any CPU.Build.0 = Debug|Any CPU
		{A68FA268-89CA-FFA5-CE12-DF8B54B6B998}.Release|Any CPU.ActiveCfg = Release|Any CPU
		{A68FA268-89CA-FFA5-CE12-DF8B54B6B998}.Release|Any CPU.Build.0 = Release|Any CPU
		{4782FF98-5EFD-4999-6781-B433372A7D86}.Debug|Any CPU.ActiveCfg = Debug|Any CPU
		{4782FF98-5EFD-4999-6781-B433372A7D86}.Debug|Any CPU.Build.0 = Debug|Any CPU
		{4782FF98-5EFD-4999-6781-B433372A7D86}.Release|Any CPU.ActiveCfg = Release|Any CPU
		{4782FF98-5EFD-4999-6781-B433372A7D86}.Release|Any CPU.Build.0 = Release|Any CPU
		{312A595A-E1A7-1442-8749-14C5CBF861A5}.Debug|Any CPU.ActiveCfg = Debug|Any CPU
		{312A595A-E1A7-1442-8749-14C5CBF861A5}.Debug|Any CPU.Build.0 = Debug|Any CPU
		{312A595A-E1A7-1442-8749-14C5CBF861A5}.Release|Any CPU.ActiveCfg = Release|Any CPU
		{312A595A-E1A7-1442-8749-14C5CBF861A5}.Release|Any CPU.Build.0 = Release|Any CPU
		{F3DB8BEA-B17D-38BD-A20D-C7F93F5CDF41}.Debug|Any CPU.ActiveCfg = Debug|Any CPU
		{F3DB8BEA-B17D-38BD-A20D-C7F93F5CDF41}.Debug|Any CPU.Build.0 = Debug|Any CPU
		{F3DB8BEA-B17D-38BD-A20D-C7F93F5CDF41}.Release|Any CPU.ActiveCfg = Release|Any CPU
		{F3DB8BEA-B17D-38BD-A20D-C7F93F5CDF41}.Release|Any CPU.Build.0 = Release|Any CPU
		{F0DD6137-4BD1-CEDE-155A-BFA31E7C588B}.Debug|Any CPU.ActiveCfg = Debug|Any CPU
		{F0DD6137-4BD1-CEDE-155A-BFA31E7C588B}.Debug|Any CPU.Build.0 = Debug|Any CPU
		{F0DD6137-4BD1-CEDE-155A-BFA31E7C588B}.Release|Any CPU.ActiveCfg = Release|Any CPU
		{F0DD6137-4BD1-CEDE-155A-BFA31E7C588B}.Release|Any CPU.Build.0 = Release|Any CPU
		{9FCF0037-0F11-C7F8-6CD4-CDE6FC185528}.Debug|Any CPU.ActiveCfg = Debug|Any CPU
		{9FCF0037-0F11-C7F8-6CD4-CDE6FC185528}.Debug|Any CPU.Build.0 = Debug|Any CPU
		{9FCF0037-0F11-C7F8-6CD4-CDE6FC185528}.Release|Any CPU.ActiveCfg = Release|Any CPU
		{9FCF0037-0F11-C7F8-6CD4-CDE6FC185528}.Release|Any CPU.Build.0 = Release|Any CPU
		{E8C77AE0-0C42-6985-E02F-C8AC97F799E5}.Debug|Any CPU.ActiveCfg = Debug|Any CPU
		{E8C77AE0-0C42-6985-E02F-C8AC97F799E5}.Debug|Any CPU.Build.0 = Debug|Any CPU
		{E8C77AE0-0C42-6985-E02F-C8AC97F799E5}.Release|Any CPU.ActiveCfg = Release|Any CPU
		{E8C77AE0-0C42-6985-E02F-C8AC97F799E5}.Release|Any CPU.Build.0 = Release|Any CPU
		{55F027EC-A3F3-5386-6078-BEB1B06E9A42}.Debug|Any CPU.ActiveCfg = Debug|Any CPU
		{55F027EC-A3F3-5386-6078-BEB1B06E9A42}.Debug|Any CPU.Build.0 = Debug|Any CPU
		{55F027EC-A3F3-5386-6078-BEB1B06E9A42}.Release|Any CPU.ActiveCfg = Release|Any CPU
		{55F027EC-A3F3-5386-6078-BEB1B06E9A42}.Release|Any CPU.Build.0 = Release|Any CPU
		{89467445-BBC7-7792-3BB8-2DFEECD50F11}.Debug|Any CPU.ActiveCfg = Debug|Any CPU
		{89467445-BBC7-7792-3BB8-2DFEECD50F11}.Debug|Any CPU.Build.0 = Debug|Any CPU
		{89467445-BBC7-7792-3BB8-2DFEECD50F11}.Release|Any CPU.ActiveCfg = Release|Any CPU
		{89467445-BBC7-7792-3BB8-2DFEECD50F11}.Release|Any CPU.Build.0 = Release|Any CPU
		{E670F66E-AEB2-C201-0716-2A8E29FC9BFC}.Debug|Any CPU.ActiveCfg = Debug|Any CPU
		{E670F66E-AEB2-C201-0716-2A8E29FC9BFC}.Debug|Any CPU.Build.0 = Debug|Any CPU
		{E670F66E-AEB2-C201-0716-2A8E29FC9BFC}.Release|Any CPU.ActiveCfg = Release|Any CPU
		{E670F66E-AEB2-C201-0716-2A8E29FC9BFC}.Release|Any CPU.Build.0 = Release|Any CPU
		{9010480C-332B-AAB4-4ACA-E412AF4CC1D9}.Debug|Any CPU.ActiveCfg = Debug|Any CPU
		{9010480C-332B-AAB4-4ACA-E412AF4CC1D9}.Debug|Any CPU.Build.0 = Debug|Any CPU
		{9010480C-332B-AAB4-4ACA-E412AF4CC1D9}.Release|Any CPU.ActiveCfg = Release|Any CPU
		{9010480C-332B-AAB4-4ACA-E412AF4CC1D9}.Release|Any CPU.Build.0 = Release|Any CPU
		{22B16783-8040-EEC5-91EF-4076DFF2CB96}.Debug|Any CPU.ActiveCfg = Debug|Any CPU
		{22B16783-8040-EEC5-91EF-4076DFF2CB96}.Debug|Any CPU.Build.0 = Debug|Any CPU
		{22B16783-8040-EEC5-91EF-4076DFF2CB96}.Release|Any CPU.ActiveCfg = Release|Any CPU
		{22B16783-8040-EEC5-91EF-4076DFF2CB96}.Release|Any CPU.Build.0 = Release|Any CPU
	EndGlobalSection
	GlobalSection(SolutionProperties) = preSolution
		HideSolutionNode = FALSE
	EndGlobalSection
EndGlobal
